<?xml version="1.0" encoding="UTF-8" standalone="yes" ?>
<CodeBlocks_project_file>
	<FileVersion major="1" minor="6" />
	<Project>
		<Option title="dmoj" />
		<Option pch_mode="2" />
		<Option compiler="gcc" />
		<Build>
			<Target title="Debug">
				<Option output="bin/Debug/dmoj" prefix_auto="1" extension_auto="1" />
				<Option object_output="obj/Debug/" />
				<Option type="1" />
				<Option compiler="gcc" />
				<Compiler>
					<Add option="-g" />
				</Compiler>
			</Target>
			<Target title="Release">
				<Option output="bin/Release/dmoj" prefix_auto="1" extension_auto="1" />
				<Option object_output="obj/Release/" />
				<Option type="1" />
				<Option compiler="gcc" />
				<Compiler>
					<Add option="-O2" />
				</Compiler>
				<Linker>
					<Add option="-s" />
				</Linker>
			</Target>
		</Build>
		<Compiler>
			<Add option="-Wall" />
		</Compiler>
		<Unit filename="Text.txt" />
		<Unit filename="bubble sort.cpp">
			<Option compile="0" />
			<Option link="0" />
		</Unit>
		<Unit filename="carol&apos;s flowers.cpp">
			<Option compile="0" />
			<Option link="0" />
		</Unit>
		<Unit filename="hyper fax.cpp">
			<Option compile="0" />
			<Option link="0" />
		</Unit>
		<Unit filename="paper printing.cpp">
			<Option compile="0" />
			<Option link="0" />
		</Unit>
		<Unit filename="paper stapling.cpp">
			<Option compile="0" />
			<Option link="0" />
		</Unit>
		<Unit filename="sawmill scheme.cpp" />
		<Unit filename="ski rentals.cpp">
			<Option compile="0" />
			<Option link="0" />
		</Unit>
		<Unit filename="victor&apos;s hyper fax.cpp">
			<Option compile="0" />
			<Option link="0" />
		</Unit>
		<Unit filename="writing the ccc.cpp">
			<Option compile="0" />
			<Option link="0" />
		</Unit>
		<Extensions>
			<code_completion />
			<envvars />
			<debugger />
			<lib_finder disable_auto="1" />
		</Extensions>
	</Project>
</CodeBlocks_project_file>
